
Microsoft Visual Studio Solution File, Format Version 12.00
# Visual Studio 15
VisualStudioVersion = 15.0.28010.2003
MinimumVisualStudioVersion = 10.0.40219.1
Project("{9A19103F-16F7-4668-BE54-9A1E7A4F7556}") = "Puzzle.Zdania.IServices", "Puzzle.Zdania.IServices\Puzzle.Zdania.IServices.csproj", "{4064E45E-C1C8-4AC9-8975-B5085BE3E6E8}"
EndProject
Project("{9A19103F-16F7-4668-BE54-9A1E7A4F7556}") = "Puzzle.Zdania.MockServices", "Puzzle.Zdania.MockServices\Puzzle.Zdania.MockServices.csproj", "{F791C911-5D43-4295-BCEB-8C03F6FBD481}"
EndProject
Project("{9A19103F-16F7-4668-BE54-9A1E7A4F7556}") = "Puzzle.Zdania.Model", "Puzzle.Zdania.Model\Puzzle.Zdania.Model.csproj", "{373D6DE1-9910-4BFC-A73D-CD97BEE62B85}"
EndProject
Project("{FAE04EC0-301F-11D3-BF4B-00C04F79EFBC}") = "Puzzle.Zdania.WPFClient", "Puzzle.Zdania.WPFClient\Puzzle.Zdania.WPFClient.csproj", "{BF3E6CF8-7601-4830-A9EA-45A5DACA460E}"
EndProject
Project("{FAE04EC0-301F-11D3-BF4B-00C04F79EFBC}") = "Puzzle.Zdania.ViewModels", "Puzzle.Zdania.ViewModels\Puzzle.Zdania.ViewModels.csproj", "{62026E79-2DB8-4FA2-B567-60C3BA38451D}"
EndProject
Global
	GlobalSection(SolutionConfigurationPlatforms) = preSolution
		Debug|Any CPU = Debug|Any CPU
		Release|Any CPU = Release|Any CPU
	EndGlobalSection
	GlobalSection(ProjectConfigurationPlatforms) = postSolution
		{4064E45E-C1C8-4AC9-8975-B5085BE3E6E8}.Debug|Any CPU.ActiveCfg = Debug|Any CPU
		{4064E45E-C1C8-4AC9-8975-B5085BE3E6E8}.Debug|Any CPU.Build.0 = Debug|Any CPU
		{4064E45E-C1C8-4AC9-8975-B5085BE3E6E8}.Release|Any CPU.ActiveCfg = Release|Any CPU
		{4064E45E-C1C8-4AC9-8975-B5085BE3E6E8}.Release|Any CPU.Build.0 = Release|Any CPU
		{F791C911-5D43-4295-BCEB-8C03F6FBD481}.Debug|Any CPU.ActiveCfg = Debug|Any CPU
		{F791C911-5D43-4295-BCEB-8C03F6FBD481}.Debug|Any CPU.Build.0 = Debug|Any CPU
		{F791C911-5D43-4295-BCEB-8C03F6FBD481}.Release|Any CPU.ActiveCfg = Release|Any CPU
		{F791C911-5D43-4295-BCEB-8C03F6FBD481}.Release|Any CPU.Build.0 = Release|Any CPU
		{373D6DE1-9910-4BFC-A73D-CD97BEE62B85}.Debug|Any CPU.ActiveCfg = Debug|Any CPU
		{373D6DE1-9910-4BFC-A73D-CD97BEE62B85}.Debug|Any CPU.Build.0 = Debug|Any CPU
		{373D6DE1-9910-4BFC-A73D-CD97BEE62B85}.Release|Any CPU.ActiveCfg = Release|Any CPU
		{373D6DE1-9910-4BFC-A73D-CD97BEE62B85}.Release|Any CPU.Build.0 = Release|Any CPU
		{BF3E6CF8-7601-4830-A9EA-45A5DACA460E}.Debug|Any CPU.ActiveCfg = Debug|Any CPU
		{BF3E6CF8-7601-4830-A9EA-45A5DACA460E}.Debug|Any CPU.Build.0 = Debug|Any CPU
		{BF3E6CF8-7601-4830-A9EA-45A5DACA460E}.Release|Any CPU.ActiveCfg = Release|Any CPU
		{BF3E6CF8-7601-4830-A9EA-45A5DACA460E}.Release|Any CPU.Build.0 = Release|Any CPU
		{62026E79-2DB8-4FA2-B567-60C3BA38451D}.Debug|Any CPU.ActiveCfg = Debug|Any CPU
		{62026E79-2DB8-4FA2-B567-60C3BA38451D}.Debug|Any CPU.Build.0 = Debug|Any CPU
		{62026E79-2DB8-4FA2-B567-60C3BA38451D}.Release|Any CPU.ActiveCfg = Release|Any CPU
		{62026E79-2DB8-4FA2-B567-60C3BA38451D}.Release|Any CPU.Build.0 = Release|Any CPU
	EndGlobalSection
	GlobalSection(SolutionProperties) = preSolution
		HideSolutionNode = FALSE
	EndGlobalSection
	GlobalSection(ExtensibilityGlobals) = postSolution
		SolutionGuid = {8F51ED37-4393-4F5A-A50B-07B8D9AF6EED}
	EndGlobalSection
EndGlobal
